{
  "requires": true,
  "lockfileVersion": 1,
  "dependencies": {
    "@ionic/angular": {
      "version": "4.2.0",
      "resolved": "https://registry.npmjs.org/@ionic/angular/-/angular-4.2.0.tgz",
      "integrity": "sha512-ALZNxEZjkBJDyLH0mqcZQsgi9yUWB8uW2u6kg6ZjjSGf6atQL1IhOt+tTvdE98GWoNwFghNmdg9IFCFjUhANjw==",
      "requires": {
        "@ionic/core": "4.2.0",
        "tslib": "^1.9.3"
      }
    },
    "@ionic/core": {
      "version": "4.2.0",
      "resolved": "https://registry.npmjs.org/@ionic/core/-/core-4.2.0.tgz",
      "integrity": "sha512-JGnx8NV9z3Bgg/Ds/uEe4PPwp/UWnxqU35koByWZcyDpdb1WTwF8b4iJA8QGoj2DWEyFx7qt3c/bw3Zk/F7JPw==",
      "requires": {
        "ionicons": "4.5.5"
      }
    },
    "ionicons": {
      "version": "4.5.5",
      "resolved": "https://registry.npmjs.org/ionicons/-/ionicons-4.5.5.tgz",
      "integrity": "sha512-dIGI73XG6Fg2Ps77ry5Ywe36Pq7wUGkDkl0pBhC4uhsiyoW+oXe+pplmarXEnKEcB5fmlkRrBOxYYzZaoRiUGw=="
    },
    "tslib": {
      "version": "1.9.3",
      "resolved": "https://registry.npmjs.org/tslib/-/tslib-1.9.3.tgz",
      "integrity": "sha512-4krF8scpejhaOgqzBEcGM7yDIEfi0/8+8zDRZhNZZ2kjmHJ4hv3zCbQWxoJGz1iw5U0Jl0nma13xzHXcncMavQ=="
    }
  }
}
