// !$*UTF8*$!
{
	archiveVersion = 1;
	classes = {
	};
	objectVersion = 50;
	objects = {

/* Begin PBXBuildFile section */
		3E8918EC24183FBB003F31F9 /* masterView.swift in Sources */ = {isa = PBXBuildFile; fileRef = 3E8918EB24183FBB003F31F9 /* masterView.swift */; };
		3E8918F0241848A1003F31F9 /* boardGameRow.swift in Sources */ = {isa = PBXBuildFile; fileRef = 3E8918EF241848A1003F31F9 /* boardGameRow.swift */; };
		3EE0723E241781F200EABFFB /* boardGameClass.swift in Sources */ = {isa = PBXBuildFile; fileRef = 3EE0723D241781F200EABFFB /* boardGameClass.swift */; };
		3EE0723F241784A700EABFFB /* boardGameClass.swift in Sources */ = {isa = PBXBuildFile; fileRef = 3EE0723D241781F200EABFFB /* boardGameClass.swift */; };
		3EE07240241784A800EABFFB /* boardGameClass.swift in Sources */ = {isa = PBXBuildFile; fileRef = 3EE0723D241781F200EABFFB /* boardGameClass.swift */; };
		D23E7489240CABB000F56E2A /* AppDelegate.swift in Sources */ = {isa = PBXBuildFile; fileRef = D23E7488240CABB000F56E2A /* AppDelegate.swift */; };
		D23E748B240CABB000F56E2A /* SceneDelegate.swift in Sources */ = {isa = PBXBuildFile; fileRef = D23E748A240CABB000F56E2A /* SceneDelegate.swift */; };
		D23E748D240CABB000F56E2A /* ContentView.swift in Sources */ = {isa = PBXBuildFile; fileRef = D23E748C240CABB000F56E2A /* ContentView.swift */; };
		D23E748F240CABB500F56E2A /* Assets.xcassets in Resources */ = {isa = PBXBuildFile; fileRef = D23E748E240CABB500F56E2A /* Assets.xcassets */; };
		D23E7492240CABB500F56E2A /* Preview Assets.xcassets in Resources */ = {isa = PBXBuildFile; fileRef = D23E7491240CABB500F56E2A /* Preview Assets.xcassets */; };
		D23E7495240CABB500F56E2A /* LaunchScreen.storyboard in Resources */ = {isa = PBXBuildFile; fileRef = D23E7493240CABB500F56E2A /* LaunchScreen.storyboard */; };
		D23E74A0240CABB600F56E2A /* Tomaa_assignment_1_milestone_1Tests.swift in Sources */ = {isa = PBXBuildFile; fileRef = D23E749F240CABB600F56E2A /* Tomaa_assignment_1_milestone_1Tests.swift */; };
		D23E74AB240CABB600F56E2A /* Tomaa_assignment_1_milestone_1UITests.swift in Sources */ = {isa = PBXBuildFile; fileRef = D23E74AA240CABB600F56E2A /* Tomaa_assignment_1_milestone_1UITests.swift */; };
/* End PBXBuildFile section */

/* Begin PBXContainerItemProxy section */
		D23E749C240CABB600F56E2A /* PBXContainerItemProxy */ = {
			isa = PBXContainerItemProxy;
			containerPortal = D23E747D240CABB000F56E2A /* Project object */;
			proxyType = 1;
			remoteGlobalIDString = D23E7484240CABB000F56E2A;
			remoteInfo = "Tomaa assignment 1 milestone 1";
		};
		D23E74A7240CABB600F56E2A /* PBXContainerItemProxy */ = {
			isa = PBXContainerItemProxy;
			containerPortal = D23E747D240CABB000F56E2A /* Project object */;
			proxyType = 1;
			remoteGlobalIDString = D23E7484240CABB000F56E2A;
			remoteInfo = "Tomaa assignment 1 milestone 1";
		};
/* End PBXContainerItemProxy section */

/* Begin PBXFileReference section */
		3E8918EB24183FBB003F31F9 /* masterView.swift */ = {isa = PBXFileReference; lastKnownFileType = sourcecode.swift; path = masterView.swift; sourceTree = "<group>"; };
		3E8918EF241848A1003F31F9 /* boardGameRow.swift */ = {isa = PBXFileReference; lastKnownFileType = sourcecode.swift; path = boardGameRow.swift; sourceTree = "<group>"; };
		3EE0723D241781F200EABFFB /* boardGameClass.swift */ = {isa = PBXFileReference; lastKnownFileType = sourcecode.swift; path = boardGameClass.swift; sourceTree = "<group>"; };
		D23E7485240CABB000F56E2A /* Tomaa assignment 1 milestone 1.app */ = {isa = PBXFileReference; explicitFileType = wrapper.application; includeInIndex = 0; path = "Tomaa assignment 1 milestone 1.app"; sourceTree = BUILT_PRODUCTS_DIR; };
		D23E7488240CABB000F56E2A /* AppDelegate.swift */ = {isa = PBXFileReference; lastKnownFileType = sourcecode.swift; path = AppDelegate.swift; sourceTree = "<group>"; };
		D23E748A240CABB000F56E2A /* SceneDelegate.swift */ = {isa = PBXFileReference; lastKnownFileType = sourcecode.swift; path = SceneDelegate.swift; sourceTree = "<group>"; };
		D23E748C240CABB000F56E2A /* ContentView.swift */ = {isa = PBXFileReference; lastKnownFileType = sourcecode.swift; path = ContentView.swift; sourceTree = "<group>"; };
		D23E748E240CABB500F56E2A /* Assets.xcassets */ = {isa = PBXFileReference; lastKnownFileType = folder.assetcatalog; path = Assets.xcassets; sourceTree = "<group>"; };
		D23E7491240CABB500F56E2A /* Preview Assets.xcassets */ = {isa = PBXFileReference; lastKnownFileType = folder.assetcatalog; path = "Preview Assets.xcassets"; sourceTree = "<group>"; };
		D23E7494240CABB500F56E2A /* Base */ = {isa = PBXFileReference; lastKnownFileType = file.storyboard; name = Base; path = Base.lproj/LaunchScreen.storyboard; sourceTree = "<group>"; };
		D23E7496240CABB500F56E2A /* Info.plist */ = {isa = PBXFileReference; lastKnownFileType = text.plist.xml; path = Info.plist; sourceTree = "<group>"; };
		D23E749B240CABB600F56E2A /* Tomaa assignment 1 milestone 1Tests.xctest */ = {isa = PBXFileReference; explicitFileType = wrapper.cfbundle; includeInIndex = 0; path = "Tomaa assignment 1 milestone 1Tests.xctest"; sourceTree = BUILT_PRODUCTS_DIR; };
		D23E749F240CABB600F56E2A /* Tomaa_assignment_1_milestone_1Tests.swift */ = {isa = PBXFileReference; lastKnownFileType = sourcecode.swift; path = Tomaa_assignment_1_milestone_1Tests.swift; sourceTree = "<group>"; };
		D23E74A1240CABB600F56E2A /* Info.plist */ = {isa = PBXFileReference; lastKnownFileType = text.plist.xml; path = Info.plist; sourceTree = "<group>"; };
		D23E74A6240CABB600F56E2A /* Tomaa assignment 1 milestone 1UITests.xctest */ = {isa = PBXFileReference; explicitFileType = wrapper.cfbundle; includeInIndex = 0; path = "Tomaa assignment 1 milestone 1UITests.xctest"; sourceTree = BUILT_PRODUCTS_DIR; };
		D23E74AA240CABB600F56E2A /* Tomaa_assignment_1_milestone_1UITests.swift */ = {isa = PBXFileReference; lastKnownFileType = sourcecode.swift; path = Tomaa_assignment_1_milestone_1UITests.swift; sourceTree = "<group>"; };
		D23E74AC240CABB600F56E2A /* Info.plist */ = {isa = PBXFileReference; lastKnownFileType = text.plist.xml; path = Info.plist; sourceTree = "<group>"; };
/* End PBXFileReference section */

/* Begin PBXFrameworksBuildPhase section */
		D23E7482240CABB000F56E2A /* Frameworks */ = {
			isa = PBXFrameworksBuildPhase;
			buildActionMask = 2147483647;
			files = (
			);
			runOnlyForDeploymentPostprocessing = 0;
		};
		D23E7498240CABB600F56E2A /* Frameworks */ = {
			isa = PBXFrameworksBuildPhase;
			buildActionMask = 2147483647;
			files = (
			);
			runOnlyForDeploymentPostprocessing = 0;
		};
		D23E74A3240CABB600F56E2A /* Frameworks */ = {
			isa = PBXFrameworksBuildPhase;
			buildActionMask = 2147483647;
			files = (
			);
			runOnlyForDeploymentPostprocessing = 0;
		};
/* End PBXFrameworksBuildPhase section */

/* Begin PBXGroup section */
		D23E747C240CABB000F56E2A = {
			isa = PBXGroup;
			children = (
				D23E7487240CABB000F56E2A /* Tomaa assignment 1 milestone 1 */,
				D23E749E240CABB600F56E2A /* Tomaa assignment 1 milestone 1Tests */,
				D23E74A9240CABB600F56E2A /* Tomaa assignment 1 milestone 1UITests */,
				D23E7486240CABB000F56E2A /* Products */,
			);
			sourceTree = "<group>";
		};
		D23E7486240CABB000F56E2A /* Products */ = {
			isa = PBXGroup;
			children = (
				D23E7485240CABB000F56E2A /* Tomaa assignment 1 milestone 1.app */,
				D23E749B240CABB600F56E2A /* Tomaa assignment 1 milestone 1Tests.xctest */,
				D23E74A6240CABB600F56E2A /* Tomaa assignment 1 milestone 1UITests.xctest */,
			);
			name = Products;
			sourceTree = "<group>";
		};
		D23E7487240CABB000F56E2A /* Tomaa assignment 1 milestone 1 */ = {
			isa = PBXGroup;
			children = (
				D23E7488240CABB000F56E2A /* AppDelegate.swift */,
				D23E748A240CABB000F56E2A /* SceneDelegate.swift */,
				D23E748C240CABB000F56E2A /* ContentView.swift */,
				D23E748E240CABB500F56E2A /* Assets.xcassets */,
				D23E7493240CABB500F56E2A /* LaunchScreen.storyboard */,
				D23E7496240CABB500F56E2A /* Info.plist */,
				D23E7490240CABB500F56E2A /* Preview Content */,
				3EE0723D241781F200EABFFB /* boardGameClass.swift */,
				3E8918EB24183FBB003F31F9 /* masterView.swift */,
				3E8918EF241848A1003F31F9 /* boardGameRow.swift */,
			);
			path = "Tomaa assignment 1 milestone 1";
			sourceTree = "<group>";
		};
		D23E7490240CABB500F56E2A /* Preview Content */ = {
			isa = PBXGroup;
			children = (
				D23E7491240CABB500F56E2A /* Preview Assets.xcassets */,
			);
			path = "Preview Content";
			sourceTree = "<group>";
		};
		D23E749E240CABB600F56E2A /* Tomaa assignment 1 milestone 1Tests */ = {
			isa = PBXGroup;
			children = (
				D23E749F240CABB600F56E2A /* Tomaa_assignment_1_milestone_1Tests.swift */,
				D23E74A1240CABB600F56E2A /* Info.plist */,
			);
			path = "Tomaa assignment 1 milestone 1Tests";
			sourceTree = "<group>";
		};
		D23E74A9240CABB600F56E2A /* Tomaa assignment 1 milestone 1UITests */ = {
			isa = PBXGroup;
			children = (
				D23E74AA240CABB600F56E2A /* Tomaa_assignment_1_milestone_1UITests.swift */,
				D23E74AC240CABB600F56E2A /* Info.plist */,
			);
			path = "Tomaa assignment 1 milestone 1UITests";
			sourceTree = "<group>";
		};
/* End PBXGroup section */

/* Begin PBXNativeTarget section */
		D23E7484240CABB000F56E2A /* Tomaa assignment 1 milestone 1 */ = {
			isa = PBXNativeTarget;
			buildConfigurationList = D23E74AF240CABB600F56E2A /* Build configuration list for PBXNativeTarget "Tomaa assignment 1 milestone 1" */;
			buildPhases = (
				D23E7481240CABB000F56E2A /* Sources */,
				D23E7482240CABB000F56E2A /* Frameworks */,
				D23E7483240CABB000F56E2A /* Resources */,
			);
			buildRules = (
			);
			dependencies = (
			);
			name = "Tomaa assignment 1 milestone 1";
			productName = "Tomaa assignment 1 milestone 1";
			productReference = D23E7485240CABB000F56E2A /* Tomaa assignment 1 milestone 1.app */;
			productType = "com.apple.product-type.application";
		};
		D23E749A240CABB600F56E2A /* Tomaa assignment 1 milestone 1Tests */ = {
			isa = PBXNativeTarget;
			buildConfigurationList = D23E74B2240CABB600F56E2A /* Build configuration list for PBXNativeTarget "Tomaa assignment 1 milestone 1Tests" */;
			buildPhases = (
				D23E7497240CABB600F56E2A /* Sources */,
				D23E7498240CABB600F56E2A /* Frameworks */,
				D23E7499240CABB600F56E2A /* Resources */,
			);
			buildRules = (
			);
			dependencies = (
				D23E749D240CABB600F56E2A /* PBXTargetDependency */,
			);
			name = "Tomaa assignment 1 milestone 1Tests";
			productName = "Tomaa assignment 1 milestone 1Tests";
			productReference = D23E749B240CABB600F56E2A /* Tomaa assignment 1 milestone 1Tests.xctest */;
			productType = "com.apple.product-type.bundle.unit-test";
		};
		D23E74A5240CABB600F56E2A /* Tomaa assignment 1 milestone 1UITests */ = {
			isa = PBXNativeTarget;
			buildConfigurationList = D23E74B5240CABB600F56E2A /* Build configuration list for PBXNativeTarget "Tomaa assignment 1 milestone 1UITests" */;
			buildPhases = (
				D23E74A2240CABB600F56E2A /* Sources */,
				D23E74A3240CABB600F56E2A /* Frameworks */,
				D23E74A4240CABB600F56E2A /* Resources */,
			);
			buildRules = (
			);
			dependencies = (
				D23E74A8240CABB600F56E2A /* PBXTargetDependency */,
			);
			name = "Tomaa assignment 1 milestone 1UITests";
			productName = "Tomaa assignment 1 milestone 1UITests";
			productReference = D23E74A6240CABB600F56E2A /* Tomaa assignment 1 milestone 1UITests.xctest */;
			productType = "com.apple.product-type.bundle.ui-testing";
		};
/* End PBXNativeTarget section */

/* Begin PBXProject section */
		D23E747D240CABB000F56E2A /* Project object */ = {
			isa = PBXProject;
			attributes = {
				LastSwiftUpdateCheck = 1130;
				LastUpgradeCheck = 1130;
				ORGANIZATIONNAME = griffith;
				TargetAttributes = {
					D23E7484240CABB000F56E2A = {
						CreatedOnToolsVersion = 11.3.1;
					};
					D23E749A240CABB600F56E2A = {
						CreatedOnToolsVersion = 11.3.1;
						TestTargetID = D23E7484240CABB000F56E2A;
					};
					D23E74A5240CABB600F56E2A = {
						CreatedOnToolsVersion = 11.3.1;
						TestTargetID = D23E7484240CABB000F56E2A;
					};
				};
			};
			buildConfigurationList = D23E7480240CABB000F56E2A /* Build configuration list for PBXProject "Tomaa assignment 1 milestone 1" */;
			compatibilityVersion = "Xcode 9.3";
			developmentRegion = en;
			hasScannedForEncodings = 0;
			knownRegions = (
				en,
				Base,
			);
			mainGroup = D23E747C240CABB000F56E2A;
			productRefGroup = D23E7486240CABB000F56E2A /* Products */;
			projectDirPath = "";
			projectRoot = "";
			targets = (
				D23E7484240CABB000F56E2A /* Tomaa assignment 1 milestone 1 */,
				D23E749A240CABB600F56E2A /* Tomaa assignment 1 milestone 1Tests */,
				D23E74A5240CABB600F56E2A /* Tomaa assignment 1 milestone 1UITests */,
			);
		};
/* End PBXProject section */

/* Begin PBXResourcesBuildPhase section */
		D23E7483240CABB000F56E2A /* Resources */ = {
			isa = PBXResourcesBuildPhase;
			buildActionMask = 2147483647;
			files = (
				D23E7495240CABB500F56E2A /* LaunchScreen.storyboard in Resources */,
				D23E7492240CABB500F56E2A /* Preview Assets.xcassets in Resources */,
				D23E748F240CABB500F56E2A /* Assets.xcassets in Resources */,
			);
			runOnlyForDeploymentPostprocessing = 0;
		};
		D23E7499240CABB600F56E2A /* Resources */ = {
			isa = PBXResourcesBuildPhase;
			buildActionMask = 2147483647;
			files = (
			);
			runOnlyForDeploymentPostprocessing = 0;
		};
		D23E74A4240CABB600F56E2A /* Resources */ = {
			isa = PBXResourcesBuildPhase;
			buildActionMask = 2147483647;
			files = (
			);
			runOnlyForDeploymentPostprocessing = 0;
		};
/* End PBXResourcesBuildPhase section */

/* Begin PBXSourcesBuildPhase section */
		D23E7481240CABB000F56E2A /* Sources */ = {
			isa = PBXSourcesBuildPhase;
			buildActionMask = 2147483647;
			files = (
				D23E7489240CABB000F56E2A /* AppDelegate.swift in Sources */,
				3E8918F0241848A1003F31F9 /* boardGameRow.swift in Sources */,
				D23E748B240CABB000F56E2A /* SceneDelegate.swift in Sources */,
				D23E748D240CABB000F56E2A /* ContentView.swift in Sources */,
				3E8918EC24183FBB003F31F9 /* masterView.swift in Sources */,
				3EE0723E241781F200EABFFB /* boardGameClass.swift in Sources */,
			);
			runOnlyForDeploymentPostprocessing = 0;
		};
		D23E7497240CABB600F56E2A /* Sources */ = {
			isa = PBXSourcesBuildPhase;
			buildActionMask = 2147483647;
			files = (
				D23E74A0240CABB600F56E2A /* Tomaa_assignment_1_milestone_1Tests.swift in Sources */,
				3EE0723F241784A700EABFFB /* boardGameClass.swift in Sources */,
			);
			runOnlyForDeploymentPostprocessing = 0;
		};
		D23E74A2240CABB600F56E2A /* Sources */ = {
			isa = PBXSourcesBuildPhase;
			buildActionMask = 2147483647;
			files = (
				D23E74AB240CABB600F56E2A /* Tomaa_assignment_1_milestone_1UITests.swift in Sources */,
				3EE07240241784A800EABFFB /* boardGameClass.swift in Sources */,
			);
			runOnlyForDeploymentPostprocessing = 0;
		};
/* End PBXSourcesBuildPhase section */

/* Begin PBXTargetDependency section */
		D23E749D240CABB600F56E2A /* PBXTargetDependency */ = {
			isa = PBXTargetDependency;
			target = D23E7484240CABB000F56E2A /* Tomaa assignment 1 milestone 1 */;
			targetProxy = D23E749C240CABB600F56E2A /* PBXContainerItemProxy */;
		};
		D23E74A8240CABB600F56E2A /* PBXTargetDependency */ = {
			isa = PBXTargetDependency;
			target = D23E7484240CABB000F56E2A /* Tomaa assignment 1 milestone 1 */;
			targetProxy = D23E74A7240CABB600F56E2A /* PBXContainerItemProxy */;
		};
/* End PBXTargetDependency section */

/* Begin PBXVariantGroup section */
		D23E7493240CABB500F56E2A /* LaunchScreen.storyboard */ = {
			isa = PBXVariantGroup;
			children = (
				D23E7494240CABB500F56E2A /* Base */,
			);
			name = LaunchScreen.storyboard;
			sourceTree = "<group>";
		};
/* End PBXVariantGroup section */

/* Begin XCBuildConfiguration section */
		D23E74AD240CABB600F56E2A /* Debug */ = {
			isa = XCBuildConfiguration;
			buildSettings = {
				ALWAYS_SEARCH_USER_PATHS = NO;
				CLANG_ANALYZER_NONNULL = YES;
				CLANG_ANALYZER_NUMBER_OBJECT_CONVERSION = YES_AGGRESSIVE;
				CLANG_CXX_LANGUAGE_STANDARD = "gnu++14";
				CLANG_CXX_LIBRARY = "libc++";
				CLANG_ENABLE_MODULES = YES;
				CLANG_ENABLE_OBJC_ARC = YES;
				CLANG_ENABLE_OBJC_WEAK = YES;
				CLANG_WARN_BLOCK_CAPTURE_AUTORELEASING = YES;
				CLANG_WARN_BOOL_CONVERSION = YES;
				CLANG_WARN_COMMA = YES;
				CLANG_WARN_CONSTANT_CONVERSION = YES;
				CLANG_WARN_DEPRECATED_OBJC_IMPLEMENTATIONS = YES;
				CLANG_WARN_DIRECT_OBJC_ISA_USAGE = YES_ERROR;
				CLANG_WARN_DOCUMENTATION_COMMENTS = YES;
				CLANG_WARN_EMPTY_BODY = YES;
				CLANG_WARN_ENUM_CONVERSION = YES;
				CLANG_WARN_INFINITE_RECURSION = YES;
				CLANG_WARN_INT_CONVERSION = YES;
				CLANG_WARN_NON_LITERAL_NULL_CONVERSION = YES;
				CLANG_WARN_OBJC_IMPLICIT_RETAIN_SELF = YES;
				CLANG_WARN_OBJC_LITERAL_CONVERSION = YES;
				CLANG_WARN_OBJC_ROOT_CLASS = YES_ERROR;
				CLANG_WARN_RANGE_LOOP_ANALYSIS = YES;
				CLANG_WARN_STRICT_PROTOTYPES = YES;
				CLANG_WARN_SUSPICIOUS_MOVE = YES;
				CLANG_WARN_UNGUARDED_AVAILABILITY = YES_AGGRESSIVE;
				CLANG_WARN_UNREACHABLE_CODE = YES;
				CLANG_WARN__DUPLICATE_METHOD_MATCH = YES;
				COPY_PHASE_STRIP = NO;
				DEBUG_INFORMATION_FORMAT = dwarf;
				ENABLE_STRICT_OBJC_MSGSEND = YES;
				ENABLE_TESTABILITY = YES;
				GCC_C_LANGUAGE_STANDARD = gnu11;
				GCC_DYNAMIC_NO_PIC = NO;
				GCC_NO_COMMON_BLOCKS = YES;
				GCC_OPTIMIZATION_LEVEL = 0;
				GCC_PREPROCESSOR_DEFINITIONS = (
					"DEBUG=1",
					"$(inherited)",
				);
				GCC_WARN_64_TO_32_BIT_CONVERSION = YES;
				GCC_WARN_ABOUT_RETURN_TYPE = YES_ERROR;
				GCC_WARN_UNDECLARED_SELECTOR = YES;
				GCC_WARN_UNINITIALIZED_AUTOS = YES_AGGRESSIVE;
				GCC_WARN_UNUSED_FUNCTION = YES;
				GCC_WARN_UNUSED_VARIABLE = YES;
				IPHONEOS_DEPLOYMENT_TARGET = 13.2;
				MTL_ENABLE_DEBUG_INFO = INCLUDE_SOURCE;
				MTL_FAST_MATH = YES;
				ONLY_ACTIVE_ARCH = YES;
				SDKROOT = iphoneos;
				SWIFT_ACTIVE_COMPILATION_CONDITIONS = DEBUG;
				SWIFT_OPTIMIZATION_LEVEL = "-Onone";
			};
			name = Debug;
		};
		D23E74AE240CABB600F56E2A /* Release */ = {
			isa = XCBuildConfiguration;
			buildSettings = {
				ALWAYS_SEARCH_USER_PATHS = NO;
				CLANG_ANALYZER_NONNULL = YES;
				CLANG_ANALYZER_NUMBER_OBJECT_CONVERSION = YES_AGGRESSIVE;
				CLANG_CXX_LANGUAGE_STANDARD = "gnu++14";
				CLANG_CXX_LIBRARY = "libc++";
				CLANG_ENABLE_MODULES = YES;
				CLANG_ENABLE_OBJC_ARC = YES;
				CLANG_ENABLE_OBJC_WEAK = YES;
				CLANG_WARN_BLOCK_CAPTURE_AUTORELEASING = YES;
				CLANG_WARN_BOOL_CONVERSION = YES;
				CLANG_WARN_COMMA = YES;
				CLANG_WARN_CONSTANT_CONVERSION = YES;
				CLANG_WARN_DEPRECATED_OBJC_IMPLEMENTATIONS = YES;
				CLANG_WARN_DIRECT_OBJC_ISA_USAGE = YES_ERROR;
				CLANG_WARN_DOCUMENTATION_COMMENTS = YES;
				CLANG_WARN_EMPTY_BODY = YES;
				CLANG_WARN_ENUM_CONVERSION = YES;
				CLANG_WARN_INFINITE_RECURSION = YES;
				CLANG_WARN_INT_CONVERSION = YES;
				CLANG_WARN_NON_LITERAL_NULL_CONVERSION = YES;
				CLANG_WARN_OBJC_IMPLICIT_RETAIN_SELF = YES;
				CLANG_WARN_OBJC_LITERAL_CONVERSION = YES;
				CLANG_WARN_OBJC_ROOT_CLASS = YES_ERROR;
				CLANG_WARN_RANGE_LOOP_ANALYSIS = YES;
				CLANG_WARN_STRICT_PROTOTYPES = YES;
				CLANG_WARN_SUSPICIOUS_MOVE = YES;
				CLANG_WARN_UNGUARDED_AVAILABILITY = YES_AGGRESSIVE;
				CLANG_WARN_UNREACHABLE_CODE = YES;
				CLANG_WARN__DUPLICATE_METHOD_MATCH = YES;
				COPY_PHASE_STRIP = NO;
				DEBUG_INFORMATION_FORMAT = "dwarf-with-dsym";
				ENABLE_NS_ASSERTIONS = NO;
				ENABLE_STRICT_OBJC_MSGSEND = YES;
				GCC_C_LANGUAGE_STANDARD = gnu11;
				GCC_NO_COMMON_BLOCKS = YES;
				GCC_WARN_64_TO_32_BIT_CONVERSION = YES;
				GCC_WARN_ABOUT_RETURN_TYPE = YES_ERROR;
				GCC_WARN_UNDECLARED_SELECTOR = YES;
				GCC_WARN_UNINITIALIZED_AUTOS = YES_AGGRESSIVE;
				GCC_WARN_UNUSED_FUNCTION = YES;
				GCC_WARN_UNUSED_VARIABLE = YES;
				IPHONEOS_DEPLOYMENT_TARGET = 13.2;
				MTL_ENABLE_DEBUG_INFO = NO;
				MTL_FAST_MATH = YES;
				SDKROOT = iphoneos;
				SWIFT_COMPILATION_MODE = wholemodule;
				SWIFT_OPTIMIZATION_LEVEL = "-O";
				VALIDATE_PRODUCT = YES;
			};
			name = Release;
		};
		D23E74B0240CABB600F56E2A /* Debug */ = {
			isa = XCBuildConfiguration;
			buildSettings = {
				ASSETCATALOG_COMPILER_APPICON_NAME = AppIcon;
				CODE_SIGN_STYLE = Automatic;
				DEVELOPMENT_ASSET_PATHS = "\"Tomaa assignment 1 milestone 1/Preview Content\"";
				ENABLE_PREVIEWS = YES;
				INFOPLIST_FILE = "Tomaa assignment 1 milestone 1/Info.plist";
				LD_RUNPATH_SEARCH_PATHS = (
					"$(inherited)",
					"@executable_path/Frameworks",
				);
				PRODUCT_BUNDLE_IDENTIFIER = "tomas.Tomaa-assignment-1-milestone-1";
				PRODUCT_NAME = "$(TARGET_NAME)";
				SWIFT_VERSION = 5.0;
				TARGETED_DEVICE_FAMILY = "1,2";
			};
			name = Debug;
		};
		D23E74B1240CABB600F56E2A /* Release */ = {
			isa = XCBuildConfiguration;
			buildSettings = {
				ASSETCATALOG_COMPILER_APPICON_NAME = AppIcon;
				CODE_SIGN_STYLE = Automatic;
				DEVELOPMENT_ASSET_PATHS = "\"Tomaa assignment 1 milestone 1/Preview Content\"";
				ENABLE_PREVIEWS = YES;
				INFOPLIST_FILE = "Tomaa assignment 1 milestone 1/Info.plist";
				LD_RUNPATH_SEARCH_PATHS = (
					"$(inherited)",
					"@executable_path/Frameworks",
				);
				PRODUCT_BUNDLE_IDENTIFIER = "tomas.Tomaa-assignment-1-milestone-1";
				PRODUCT_NAME = "$(TARGET_NAME)";
				SWIFT_VERSION = 5.0;
				TARGETED_DEVICE_FAMILY = "1,2";
			};
			name = Release;
		};
		D23E74B3240CABB600F56E2A /* Debug */ = {
			isa = XCBuildConfiguration;
			buildSettings = {
				ALWAYS_EMBED_SWIFT_STANDARD_LIBRARIES = YES;
				BUNDLE_LOADER = "$(TEST_HOST)";
				CODE_SIGN_STYLE = Automatic;
				INFOPLIST_FILE = "Tomaa assignment 1 milestone 1Tests/Info.plist";
				IPHONEOS_DEPLOYMENT_TARGET = 13.2;
				LD_RUNPATH_SEARCH_PATHS = (
					"$(inherited)",
					"@executable_path/Frameworks",
					"@loader_path/Frameworks",
				);
				PRODUCT_BUNDLE_IDENTIFIER = "tomas.Tomaa-assignment-1-milestone-1Tests";
				PRODUCT_NAME = "$(TARGET_NAME)";
				SWIFT_VERSION = 5.0;
				TARGETED_DEVICE_FAMILY = "1,2";
				TEST_HOST = "$(BUILT_PRODUCTS_DIR)/Tomaa assignment 1 milestone 1.app/Tomaa assignment 1 milestone 1";
			};
			name = Debug;
		};
		D23E74B4240CABB600F56E2A /* Release */ = {
			isa = XCBuildConfiguration;
			buildSettings = {
				ALWAYS_EMBED_SWIFT_STANDARD_LIBRARIES = YES;
				BUNDLE_LOADER = "$(TEST_HOST)";
				CODE_SIGN_STYLE = Automatic;
				INFOPLIST_FILE = "Tomaa assignment 1 milestone 1Tests/Info.plist";
				IPHONEOS_DEPLOYMENT_TARGET = 13.2;
				LD_RUNPATH_SEARCH_PATHS = (
					"$(inherited)",
					"@executable_path/Frameworks",
					"@loader_path/Frameworks",
				);
				PRODUCT_BUNDLE_IDENTIFIER = "tomas.Tomaa-assignment-1-milestone-1Tests";
				PRODUCT_NAME = "$(TARGET_NAME)";
				SWIFT_VERSION = 5.0;
				TARGETED_DEVICE_FAMILY = "1,2";
				TEST_HOST = "$(BUILT_PRODUCTS_DIR)/Tomaa assignment 1 milestone 1.app/Tomaa assignment 1 milestone 1";
			};
			name = Release;
		};
		D23E74B6240CABB600F56E2A /* Debug */ = {
			isa = XCBuildConfiguration;
			buildSettings = {
				ALWAYS_EMBED_SWIFT_STANDARD_LIBRARIES = YES;
				CODE_SIGN_STYLE = Automatic;
				INFOPLIST_FILE = "Tomaa assignment 1 milestone 1UITests/Info.plist";
				LD_RUNPATH_SEARCH_PATHS = (
					"$(inherited)",
					"@executable_path/Frameworks",
					"@loader_path/Frameworks",
				);
				PRODUCT_BUNDLE_IDENTIFIER = "tomas.Tomaa-assignment-1-milestone-1UITests";
				PRODUCT_NAME = "$(TARGET_NAME)";
				SWIFT_VERSION = 5.0;
				TARGETED_DEVICE_FAMILY = "1,2";
				TEST_TARGET_NAME = "Tomaa assignment 1 milestone 1";
			};
			name = Debug;
		};
		D23E74B7240CABB600F56E2A /* Release */ = {
			isa = XCBuildConfiguration;
			buildSettings = {
				ALWAYS_EMBED_SWIFT_STANDARD_LIBRARIES = YES;
				CODE_SIGN_STYLE = Automatic;
				INFOPLIST_FILE = "Tomaa assignment 1 milestone 1UITests/Info.plist";
				LD_RUNPATH_SEARCH_PATHS = (
					"$(inherited)",
					"@executable_path/Frameworks",
					"@loader_path/Frameworks",
				);
				PRODUCT_BUNDLE_IDENTIFIER = "tomas.Tomaa-assignment-1-milestone-1UITests";
				PRODUCT_NAME = "$(TARGET_NAME)";
				SWIFT_VERSION = 5.0;
				TARGETED_DEVICE_FAMILY = "1,2";
				TEST_TARGET_NAME = "Tomaa assignment 1 milestone 1";
			};
			name = Release;
		};
/* End XCBuildConfiguration section */

/* Begin XCConfigurationList section */
		D23E7480240CABB000F56E2A /* Build configuration list for PBXProject "Tomaa assignment 1 milestone 1" */ = {
			isa = XCConfigurationList;
			buildConfigurations = (
				D23E74AD240CABB600F56E2A /* Debug */,
				D23E74AE240CABB600F56E2A /* Release */,
			);
			defaultConfigurationIsVisible = 0;
			defaultConfigurationName = Release;
		};
		D23E74AF240CABB600F56E2A /* Build configuration list for PBXNativeTarget "Tomaa assignment 1 milestone 1" */ = {
			isa = XCConfigurationList;
			buildConfigurations = (
				D23E74B0240CABB600F56E2A /* Debug */,
				D23E74B1240CABB600F56E2A /* Release */,
			);
			defaultConfigurationIsVisible = 0;
			defaultConfigurationName = Release;
		};
		D23E74B2240CABB600F56E2A /* Build configuration list for PBXNativeTarget "Tomaa assignment 1 milestone 1Tests" */ = {
			isa = XCConfigurationList;
			buildConfigurations = (
				D23E74B3240CABB600F56E2A /* Debug */,
				D23E74B4240CABB600F56E2A /* Release */,
			);
			defaultConfigurationIsVisible = 0;
			defaultConfigurationName = Release;
		};
		D23E74B5240CABB600F56E2A /* Build configuration list for PBXNativeTarget "Tomaa assignment 1 milestone 1UITests" */ = {
			isa = XCConfigurationList;
			buildConfigurations = (
				D23E74B6240CABB600F56E2A /* Debug */,
				D23E74B7240CABB600F56E2A /* Release */,
			);
			defaultConfigurationIsVisible = 0;
			defaultConfigurationName = Release;
		};
/* End XCConfigurationList section */
	};
	rootObject = D23E747D240CABB000F56E2A /* Project object */;
}
